// !$*UTF8*$!
{
	archiveVersion = 1;
	classes = {
	};
	objectVersion = 56;
	objects = {

/* Begin PBXBuildFile section */
		61C35AE72BA9BCF3002ADA6B /* AppDelegate.swift in Sources */ = {isa = PBXBuildFile; fileRef = 61C35AE62BA9BCF3002ADA6B /* AppDelegate.swift */; };
		61C35AE92BA9BCF3002ADA6B /* SceneDelegate.swift in Sources */ = {isa = PBXBuildFile; fileRef = 61C35AE82BA9BCF3002ADA6B /* SceneDelegate.swift */; };
		61C35AEB2BA9BCF3002ADA6B /* MainViewController.swift in Sources */ = {isa = PBXBuildFile; fileRef = 61C35AEA2BA9BCF3002ADA6B /* MainViewController.swift */; };
		61C35AEE2BA9BCF3002ADA6B /* Base in Resources */ = {isa = PBXBuildFile; fileRef = 61C35AED2BA9BCF3002ADA6B /* Base */; };
		61C35AF02BA9BCF4002ADA6B /* Assets.xcassets in Resources */ = {isa = PBXBuildFile; fileRef = 61C35AEF2BA9BCF4002ADA6B /* Assets.xcassets */; };
		61C35AF32BA9BCF4002ADA6B /* Base in Resources */ = {isa = PBXBuildFile; fileRef = 61C35AF22BA9BCF4002ADA6B /* Base */; };
		61C35AFB2BA9BD34002ADA6B /* TableViewController.swift in Sources */ = {isa = PBXBuildFile; fileRef = 61C35AFA2BA9BD34002ADA6B /* TableViewController.swift */; };
		61C35AFF2BA9C164002ADA6B /* ToDoModel.swift in Sources */ = {isa = PBXBuildFile; fileRef = 61C35AFE2BA9C164002ADA6B /* ToDoModel.swift */; };
		61D3F3112BAB1340008E51F2 /* Constants.swift in Sources */ = {isa = PBXBuildFile; fileRef = 61D3F3102BAB1340008E51F2 /* Constants.swift */; };
		61D3F3142BAB26DC008E51F2 /* ToDoListCell.swift in Sources */ = {isa = PBXBuildFile; fileRef = 61D3F3122BAB26DC008E51F2 /* ToDoListCell.swift */; };
		61D3F3152BAB26DC008E51F2 /* ToDoListCell.xib in Resources */ = {isa = PBXBuildFile; fileRef = 61D3F3132BAB26DC008E51F2 /* ToDoListCell.xib */; };
		61D3F31C2BABAD35008E51F2 /* GoogleService-Info.plist in Resources */ = {isa = PBXBuildFile; fileRef = 61D3F31B2BABAD35008E51F2 /* GoogleService-Info.plist */; };
		61D3F3202BABAF72008E51F2 /* FirebaseAuth in Frameworks */ = {isa = PBXBuildFile; productRef = 61D3F31F2BABAF72008E51F2 /* FirebaseAuth */; };
		61D3F3222BABAF72008E51F2 /* FirebaseDatabase in Frameworks */ = {isa = PBXBuildFile; productRef = 61D3F3212BABAF72008E51F2 /* FirebaseDatabase */; };
		61D3F3242BABAF72008E51F2 /* FirebaseFirestore in Frameworks */ = {isa = PBXBuildFile; productRef = 61D3F3232BABAF72008E51F2 /* FirebaseFirestore */; };
		61D3F3262BAD30C0008E51F2 /* DBManager.swift in Sources */ = {isa = PBXBuildFile; fileRef = 61D3F3252BAD30C0008E51F2 /* DBManager.swift */; };
		61D3F3282BAD3339008E51F2 /* DBModel.swift in Sources */ = {isa = PBXBuildFile; fileRef = 61D3F3272BAD3339008E51F2 /* DBModel.swift */; };
		61D3F32A2BAD6A8A008E51F2 /* AlertManager.swift in Sources */ = {isa = PBXBuildFile; fileRef = 61D3F3292BAD6A8A008E51F2 /* AlertManager.swift */; };
/* End PBXBuildFile section */

/* Begin PBXFileReference section */
		61C35AE32BA9BCF3002ADA6B /* ToDoList.app */ = {isa = PBXFileReference; explicitFileType = wrapper.application; includeInIndex = 0; path = ToDoList.app; sourceTree = BUILT_PRODUCTS_DIR; };
		61C35AE62BA9BCF3002ADA6B /* AppDelegate.swift */ = {isa = PBXFileReference; lastKnownFileType = sourcecode.swift; path = AppDelegate.swift; sourceTree = "<group>"; };
		61C35AE82BA9BCF3002ADA6B /* SceneDelegate.swift */ = {isa = PBXFileReference; lastKnownFileType = sourcecode.swift; path = SceneDelegate.swift; sourceTree = "<group>"; };
		61C35AEA2BA9BCF3002ADA6B /* MainViewController.swift */ = {isa = PBXFileReference; lastKnownFileType = sourcecode.swift; path = MainViewController.swift; sourceTree = "<group>"; };
		61C35AED2BA9BCF3002ADA6B /* Base */ = {isa = PBXFileReference; lastKnownFileType = file.storyboard; name = Base; path = Base.lproj/Main.storyboard; sourceTree = "<group>"; };
		61C35AEF2BA9BCF4002ADA6B /* Assets.xcassets */ = {isa = PBXFileReference; lastKnownFileType = folder.assetcatalog; path = Assets.xcassets; sourceTree = "<group>"; };
		61C35AF22BA9BCF4002ADA6B /* Base */ = {isa = PBXFileReference; lastKnownFileType = file.storyboard; name = Base; path = Base.lproj/LaunchScreen.storyboard; sourceTree = "<group>"; };
		61C35AF42BA9BCF4002ADA6B /* Info.plist */ = {isa = PBXFileReference; lastKnownFileType = text.plist.xml; path = Info.plist; sourceTree = "<group>"; };
		61C35AFA2BA9BD34002ADA6B /* TableViewController.swift */ = {isa = PBXFileReference; lastKnownFileType = sourcecode.swift; path = TableViewController.swift; sourceTree = "<group>"; };
		61C35AFE2BA9C164002ADA6B /* ToDoModel.swift */ = {isa = PBXFileReference; lastKnownFileType = sourcecode.swift; path = ToDoModel.swift; sourceTree = "<group>"; };
		61D3F3102BAB1340008E51F2 /* Constants.swift */ = {isa = PBXFileReference; lastKnownFileType = sourcecode.swift; path = Constants.swift; sourceTree = "<group>"; };
		61D3F3122BAB26DC008E51F2 /* ToDoListCell.swift */ = {isa = PBXFileReference; lastKnownFileType = sourcecode.swift; path = ToDoListCell.swift; sourceTree = "<group>"; };
		61D3F3132BAB26DC008E51F2 /* ToDoListCell.xib */ = {isa = PBXFileReference; lastKnownFileType = file.xib; path = ToDoListCell.xib; sourceTree = "<group>"; };
		61D3F31B2BABAD35008E51F2 /* GoogleService-Info.plist */ = {isa = PBXFileReference; fileEncoding = 4; lastKnownFileType = text.plist.xml; path = "GoogleService-Info.plist"; sourceTree = "<group>"; };
		61D3F3252BAD30C0008E51F2 /* DBManager.swift */ = {isa = PBXFileReference; lastKnownFileType = sourcecode.swift; path = DBManager.swift; sourceTree = "<group>"; };
		61D3F3272BAD3339008E51F2 /* DBModel.swift */ = {isa = PBXFileReference; lastKnownFileType = sourcecode.swift; path = DBModel.swift; sourceTree = "<group>"; };
		61D3F3292BAD6A8A008E51F2 /* AlertManager.swift */ = {isa = PBXFileReference; lastKnownFileType = sourcecode.swift; path = AlertManager.swift; sourceTree = "<group>"; };
/* End PBXFileReference section */

/* Begin PBXFrameworksBuildPhase section */
		61C35AE02BA9BCF3002ADA6B /* Frameworks */ = {
			isa = PBXFrameworksBuildPhase;
			buildActionMask = 2147483647;
			files = (
				61D3F3222BABAF72008E51F2 /* FirebaseDatabase in Frameworks */,
				61D3F3202BABAF72008E51F2 /* FirebaseAuth in Frameworks */,
				61D3F3242BABAF72008E51F2 /* FirebaseFirestore in Frameworks */,
			);
			runOnlyForDeploymentPostprocessing = 0;
		};
/* End PBXFrameworksBuildPhase section */

/* Begin PBXGroup section */
		61C35ADA2BA9BCF3002ADA6B = {
			isa = PBXGroup;
			children = (
				61C35AE52BA9BCF3002ADA6B /* ToDoList */,
				61C35AE42BA9BCF3002ADA6B /* Products */,
				61D3F31E2BABAF72008E51F2 /* Frameworks */,
			);
			sourceTree = "<group>";
		};
		61C35AE42BA9BCF3002ADA6B /* Products */ = {
			isa = PBXGroup;
			children = (
				61C35AE32BA9BCF3002ADA6B /* ToDoList.app */,
			);
			name = Products;
			sourceTree = "<group>";
		};
		61C35AE52BA9BCF3002ADA6B /* ToDoList */ = {
			isa = PBXGroup;
			children = (
				61C35AFD2BA9BD43002ADA6B /* Model */,
				61C35B002BA9C1C6002ADA6B /* View */,
				61C35AFC2BA9BD39002ADA6B /* Controller */,
				61C35AE62BA9BCF3002ADA6B /* AppDelegate.swift */,
				61C35AE82BA9BCF3002ADA6B /* SceneDelegate.swift */,
				61C35AEF2BA9BCF4002ADA6B /* Assets.xcassets */,
				61C35AF12BA9BCF4002ADA6B /* LaunchScreen.storyboard */,
				61C35AF42BA9BCF4002ADA6B /* Info.plist */,
				61D3F3102BAB1340008E51F2 /* Constants.swift */,
				61D3F31B2BABAD35008E51F2 /* GoogleService-Info.plist */,
			);
			path = ToDoList;
			sourceTree = "<group>";
		};
		61C35AFC2BA9BD39002ADA6B /* Controller */ = {
			isa = PBXGroup;
			children = (
				61C35AEA2BA9BCF3002ADA6B /* MainViewController.swift */,
				61C35AFA2BA9BD34002ADA6B /* TableViewController.swift */,
				61D3F3252BAD30C0008E51F2 /* DBManager.swift */,
				61D3F3292BAD6A8A008E51F2 /* AlertManager.swift */,
			);
			path = Controller;
			sourceTree = "<group>";
		};
		61C35AFD2BA9BD43002ADA6B /* Model */ = {
			isa = PBXGroup;
			children = (
				61D3F3272BAD3339008E51F2 /* DBModel.swift */,
				61C35AFE2BA9C164002ADA6B /* ToDoModel.swift */,
			);
			path = Model;
			sourceTree = "<group>";
		};
		61C35B002BA9C1C6002ADA6B /* View */ = {
			isa = PBXGroup;
			children = (
				61C35AEC2BA9BCF3002ADA6B /* Main.storyboard */,
				61D3F3122BAB26DC008E51F2 /* ToDoListCell.swift */,
				61D3F3132BAB26DC008E51F2 /* ToDoListCell.xib */,
			);
			path = View;
			sourceTree = "<group>";
		};
		61D3F31E2BABAF72008E51F2 /* Frameworks */ = {
			isa = PBXGroup;
			children = (
			);
			name = Frameworks;
			sourceTree = "<group>";
		};
/* End PBXGroup section */

/* Begin PBXNativeTarget section */
		61C35AE22BA9BCF3002ADA6B /* ToDoList */ = {
			isa = PBXNativeTarget;
			buildConfigurationList = 61C35AF72BA9BCF4002ADA6B /* Build configuration list for PBXNativeTarget "ToDoList" */;
			buildPhases = (
				61C35ADF2BA9BCF3002ADA6B /* Sources */,
				61C35AE02BA9BCF3002ADA6B /* Frameworks */,
				61C35AE12BA9BCF3002ADA6B /* Resources */,
			);
			buildRules = (
			);
			dependencies = (
			);
			name = ToDoList;
			packageProductDependencies = (
				61D3F31F2BABAF72008E51F2 /* FirebaseAuth */,
				61D3F3212BABAF72008E51F2 /* FirebaseDatabase */,
				61D3F3232BABAF72008E51F2 /* FirebaseFirestore */,
			);
			productName = ToDoList;
			productReference = 61C35AE32BA9BCF3002ADA6B /* ToDoList.app */;
			productType = "com.apple.product-type.application";
		};
/* End PBXNativeTarget section */

/* Begin PBXProject section */
		61C35ADB2BA9BCF3002ADA6B /* Project object */ = {
			isa = PBXProject;
			attributes = {
				BuildIndependentTargetsInParallel = 1;
				LastSwiftUpdateCheck = 1530;
				LastUpgradeCheck = 1530;
				TargetAttributes = {
					61C35AE22BA9BCF3002ADA6B = {
						CreatedOnToolsVersion = 15.3;
					};
				};
			};
			buildConfigurationList = 61C35ADE2BA9BCF3002ADA6B /* Build configuration list for PBXProject "ToDoList" */;
			compatibilityVersion = "Xcode 14.0";
			developmentRegion = en;
			hasScannedForEncodings = 0;
			knownRegions = (
				en,
				Base,
			);
			mainGroup = 61C35ADA2BA9BCF3002ADA6B;
			packageReferences = (
				61D3F31D2BABAE30008E51F2 /* XCRemoteSwiftPackageReference "firebase-ios-sdk" */,
			);
			productRefGroup = 61C35AE42BA9BCF3002ADA6B /* Products */;
			projectDirPath = "";
			projectRoot = "";
			targets = (
				61C35AE22BA9BCF3002ADA6B /* ToDoList */,
			);
		};
/* End PBXProject section */

/* Begin PBXResourcesBuildPhase section */
		61C35AE12BA9BCF3002ADA6B /* Resources */ = {
			isa = PBXResourcesBuildPhase;
			buildActionMask = 2147483647;
			files = (
				61C35AF02BA9BCF4002ADA6B /* Assets.xcassets in Resources */,
				61C35AF32BA9BCF4002ADA6B /* Base in Resources */,
				61D3F31C2BABAD35008E51F2 /* GoogleService-Info.plist in Resources */,
				61C35AEE2BA9BCF3002ADA6B /* Base in Resources */,
				61D3F3152BAB26DC008E51F2 /* ToDoListCell.xib in Resources */,
			);
			runOnlyForDeploymentPostprocessing = 0;
		};
/* End PBXResourcesBuildPhase section */

/* Begin PBXSourcesBuildPhase section */
		61C35ADF2BA9BCF3002ADA6B /* Sources */ = {
			isa = PBXSourcesBuildPhase;
			buildActionMask = 2147483647;
			files = (
				61C35AEB2BA9BCF3002ADA6B /* MainViewController.swift in Sources */,
				61C35AE72BA9BCF3002ADA6B /* AppDelegate.swift in Sources */,
				61D3F32A2BAD6A8A008E51F2 /* AlertManager.swift in Sources */,
				61C35AFF2BA9C164002ADA6B /* ToDoModel.swift in Sources */,
				61D3F3262BAD30C0008E51F2 /* DBManager.swift in Sources */,
				61C35AE92BA9BCF3002ADA6B /* SceneDelegate.swift in Sources */,
				61D3F3282BAD3339008E51F2 /* DBModel.swift in Sources */,
				61C35AFB2BA9BD34002ADA6B /* TableViewController.swift in Sources */,
				61D3F3112BAB1340008E51F2 /* Constants.swift in Sources */,
				61D3F3142BAB26DC008E51F2 /* ToDoListCell.swift in Sources */,
			);
			runOnlyForDeploymentPostprocessing = 0;
		};
/* End PBXSourcesBuildPhase section */

/* Begin PBXVariantGroup section */
		61C35AEC2BA9BCF3002ADA6B /* Main.storyboard */ = {
			isa = PBXVariantGroup;
			children = (
				61C35AED2BA9BCF3002ADA6B /* Base */,
			);
			name = Main.storyboard;
			sourceTree = "<group>";
		};
		61C35AF12BA9BCF4002ADA6B /* LaunchScreen.storyboard */ = {
			isa = PBXVariantGroup;
			children = (
				61C35AF22BA9BCF4002ADA6B /* Base */,
			);
			name = LaunchScreen.storyboard;
			sourceTree = "<group>";
		};
/* End PBXVariantGroup section */

/* Begin XCBuildConfiguration section */
		61C35AF52BA9BCF4002ADA6B /* Debug */ = {
			isa = XCBuildConfiguration;
			buildSettings = {
				ALWAYS_SEARCH_USER_PATHS = NO;
				ASSETCATALOG_COMPILER_GENERATE_SWIFT_ASSET_SYMBOL_EXTENSIONS = YES;
				CLANG_ANALYZER_NONNULL = YES;
				CLANG_ANALYZER_NUMBER_OBJECT_CONVERSION = YES_AGGRESSIVE;
				CLANG_CXX_LANGUAGE_STANDARD = "gnu++20";
				CLANG_ENABLE_MODULES = YES;
				CLANG_ENABLE_OBJC_ARC = YES;
				CLANG_ENABLE_OBJC_WEAK = YES;
				CLANG_WARN_BLOCK_CAPTURE_AUTORELEASING = YES;
				CLANG_WARN_BOOL_CONVERSION = YES;
				CLANG_WARN_COMMA = YES;
				CLANG_WARN_CONSTANT_CONVERSION = YES;
				CLANG_WARN_DEPRECATED_OBJC_IMPLEMENTATIONS = YES;
				CLANG_WARN_DIRECT_OBJC_ISA_USAGE = YES_ERROR;
				CLANG_WARN_DOCUMENTATION_COMMENTS = YES;
				CLANG_WARN_EMPTY_BODY = YES;
				CLANG_WARN_ENUM_CONVERSION = YES;
				CLANG_WARN_INFINITE_RECURSION = YES;
				CLANG_WARN_INT_CONVERSION = YES;
				CLANG_WARN_NON_LITERAL_NULL_CONVERSION = YES;
				CLANG_WARN_OBJC_IMPLICIT_RETAIN_SELF = YES;
				CLANG_WARN_OBJC_LITERAL_CONVERSION = YES;
				CLANG_WARN_OBJC_ROOT_CLASS = YES_ERROR;
				CLANG_WARN_QUOTED_INCLUDE_IN_FRAMEWORK_HEADER = YES;
				CLANG_WARN_RANGE_LOOP_ANALYSIS = YES;
				CLANG_WARN_STRICT_PROTOTYPES = YES;
				CLANG_WARN_SUSPICIOUS_MOVE = YES;
				CLANG_WARN_UNGUARDED_AVAILABILITY = YES_AGGRESSIVE;
				CLANG_WARN_UNREACHABLE_CODE = YES;
				CLANG_WARN__DUPLICATE_METHOD_MATCH = YES;
				COPY_PHASE_STRIP = NO;
				DEBUG_INFORMATION_FORMAT = dwarf;
				ENABLE_STRICT_OBJC_MSGSEND = YES;
				ENABLE_TESTABILITY = YES;
				ENABLE_USER_SCRIPT_SANDBOXING = YES;
				GCC_C_LANGUAGE_STANDARD = gnu17;
				GCC_DYNAMIC_NO_PIC = NO;
				GCC_NO_COMMON_BLOCKS = YES;
				GCC_OPTIMIZATION_LEVEL = 0;
				GCC_PREPROCESSOR_DEFINITIONS = (
					"DEBUG=1",
					"$(inherited)",
				);
				GCC_WARN_64_TO_32_BIT_CONVERSION = YES;
				GCC_WARN_ABOUT_RETURN_TYPE = YES_ERROR;
				GCC_WARN_UNDECLARED_SELECTOR = YES;
				GCC_WARN_UNINITIALIZED_AUTOS = YES_AGGRESSIVE;
				GCC_WARN_UNUSED_FUNCTION = YES;
				GCC_WARN_UNUSED_VARIABLE = YES;
				IPHONEOS_DEPLOYMENT_TARGET = 17.4;
				LOCALIZATION_PREFERS_STRING_CATALOGS = YES;
				MTL_ENABLE_DEBUG_INFO = INCLUDE_SOURCE;
				MTL_FAST_MATH = YES;
				ONLY_ACTIVE_ARCH = YES;
				SDKROOT = iphoneos;
				SWIFT_ACTIVE_COMPILATION_CONDITIONS = "DEBUG $(inherited)";
				SWIFT_OPTIMIZATION_LEVEL = "-Onone";
			};
			name = Debug;
		};
		61C35AF62BA9BCF4002ADA6B /* Release */ = {
			isa = XCBuildConfiguration;
			buildSettings = {
				ALWAYS_SEARCH_USER_PATHS = NO;
				ASSETCATALOG_COMPILER_GENERATE_SWIFT_ASSET_SYMBOL_EXTENSIONS = YES;
				CLANG_ANALYZER_NONNULL = YES;
				CLANG_ANALYZER_NUMBER_OBJECT_CONVERSION = YES_AGGRESSIVE;
				CLANG_CXX_LANGUAGE_STANDARD = "gnu++20";
				CLANG_ENABLE_MODULES = YES;
				CLANG_ENABLE_OBJC_ARC = YES;
				CLANG_ENABLE_OBJC_WEAK = YES;
				CLANG_WARN_BLOCK_CAPTURE_AUTORELEASING = YES;
				CLANG_WARN_BOOL_CONVERSION = YES;
				CLANG_WARN_COMMA = YES;
				CLANG_WARN_CONSTANT_CONVERSION = YES;
				CLANG_WARN_DEPRECATED_OBJC_IMPLEMENTATIONS = YES;
				CLANG_WARN_DIRECT_OBJC_ISA_USAGE = YES_ERROR;
				CLANG_WARN_DOCUMENTATION_COMMENTS = YES;
				CLANG_WARN_EMPTY_BODY = YES;
				CLANG_WARN_ENUM_CONVERSION = YES;
				CLANG_WARN_INFINITE_RECURSION = YES;
				CLANG_WARN_INT_CONVERSION = YES;
				CLANG_WARN_NON_LITERAL_NULL_CONVERSION = YES;
				CLANG_WARN_OBJC_IMPLICIT_RETAIN_SELF = YES;
				CLANG_WARN_OBJC_LITERAL_CONVERSION = YES;
				CLANG_WARN_OBJC_ROOT_CLASS = YES_ERROR;
				CLANG_WARN_QUOTED_INCLUDE_IN_FRAMEWORK_HEADER = YES;
				CLANG_WARN_RANGE_LOOP_ANALYSIS = YES;
				CLANG_WARN_STRICT_PROTOTYPES = YES;
				CLANG_WARN_SUSPICIOUS_MOVE = YES;
				CLANG_WARN_UNGUARDED_AVAILABILITY = YES_AGGRESSIVE;
				CLANG_WARN_UNREACHABLE_CODE = YES;
				CLANG_WARN__DUPLICATE_METHOD_MATCH = YES;
				COPY_PHASE_STRIP = NO;
				DEBUG_INFORMATION_FORMAT = "dwarf-with-dsym";
				ENABLE_NS_ASSERTIONS = NO;
				ENABLE_STRICT_OBJC_MSGSEND = YES;
				ENABLE_USER_SCRIPT_SANDBOXING = YES;
				GCC_C_LANGUAGE_STANDARD = gnu17;
				GCC_NO_COMMON_BLOCKS = YES;
				GCC_WARN_64_TO_32_BIT_CONVERSION = YES;
				GCC_WARN_ABOUT_RETURN_TYPE = YES_ERROR;
				GCC_WARN_UNDECLARED_SELECTOR = YES;
				GCC_WARN_UNINITIALIZED_AUTOS = YES_AGGRESSIVE;
				GCC_WARN_UNUSED_FUNCTION = YES;
				GCC_WARN_UNUSED_VARIABLE = YES;
				IPHONEOS_DEPLOYMENT_TARGET = 17.4;
				LOCALIZATION_PREFERS_STRING_CATALOGS = YES;
				MTL_ENABLE_DEBUG_INFO = NO;
				MTL_FAST_MATH = YES;
				SDKROOT = iphoneos;
				SWIFT_COMPILATION_MODE = wholemodule;
				VALIDATE_PRODUCT = YES;
			};
			name = Release;
		};
		61C35AF82BA9BCF4002ADA6B /* Debug */ = {
			isa = XCBuildConfiguration;
			buildSettings = {
				ASSETCATALOG_COMPILER_APPICON_NAME = AppIcon;
				ASSETCATALOG_COMPILER_GLOBAL_ACCENT_COLOR_NAME = AccentColor;
				CODE_SIGN_STYLE = Automatic;
				CURRENT_PROJECT_VERSION = 1;
				DEVELOPMENT_TEAM = LA95MXQ3R5;
				GENERATE_INFOPLIST_FILE = YES;
				INFOPLIST_FILE = ToDoList/Info.plist;
				INFOPLIST_KEY_UIApplicationSupportsIndirectInputEvents = YES;
				INFOPLIST_KEY_UILaunchStoryboardName = LaunchScreen;
				INFOPLIST_KEY_UIMainStoryboardFile = Main;
				INFOPLIST_KEY_UISupportedInterfaceOrientations_iPad = "UIInterfaceOrientationPortrait UIInterfaceOrientationPortraitUpsideDown UIInterfaceOrientationLandscapeLeft UIInterfaceOrientationLandscapeRight";
				INFOPLIST_KEY_UISupportedInterfaceOrientations_iPhone = "UIInterfaceOrientationPortrait UIInterfaceOrientationLandscapeLeft UIInterfaceOrientationLandscapeRight";
				LD_RUNPATH_SEARCH_PATHS = (
					"$(inherited)",
					"@executable_path/Frameworks",
				);
				MARKETING_VERSION = 1.0;
				PRODUCT_BUNDLE_IDENTIFIER = com.Harold.ToDoList;
				PRODUCT_NAME = "$(TARGET_NAME)";
				SWIFT_EMIT_LOC_STRINGS = YES;
				SWIFT_VERSION = 5.0;
				TARGETED_DEVICE_FAMILY = "1,2";
			};
			name = Debug;
		};
		61C35AF92BA9BCF4002ADA6B /* Release */ = {
			isa = XCBuildConfiguration;
			buildSettings = {
				ASSETCATALOG_COMPILER_APPICON_NAME = AppIcon;
				ASSETCATALOG_COMPILER_GLOBAL_ACCENT_COLOR_NAME = AccentColor;
				CODE_SIGN_STYLE = Automatic;
				CURRENT_PROJECT_VERSION = 1;
				DEVELOPMENT_TEAM = LA95MXQ3R5;
				GENERATE_INFOPLIST_FILE = YES;
				INFOPLIST_FILE = ToDoList/Info.plist;
				INFOPLIST_KEY_UIApplicationSupportsIndirectInputEvents = YES;
				INFOPLIST_KEY_UILaunchStoryboardName = LaunchScreen;
				INFOPLIST_KEY_UIMainStoryboardFile = Main;
				INFOPLIST_KEY_UISupportedInterfaceOrientations_iPad = "UIInterfaceOrientationPortrait UIInterfaceOrientationPortraitUpsideDown UIInterfaceOrientationLandscapeLeft UIInterfaceOrientationLandscapeRight";
				INFOPLIST_KEY_UISupportedInterfaceOrientations_iPhone = "UIInterfaceOrientationPortrait UIInterfaceOrientationLandscapeLeft UIInterfaceOrientationLandscapeRight";
				LD_RUNPATH_SEARCH_PATHS = (
					"$(inherited)",
					"@executable_path/Frameworks",
				);
				MARKETING_VERSION = 1.0;
				PRODUCT_BUNDLE_IDENTIFIER = com.Harold.ToDoList;
				PRODUCT_NAME = "$(TARGET_NAME)";
				SWIFT_EMIT_LOC_STRINGS = YES;
				SWIFT_VERSION = 5.0;
				TARGETED_DEVICE_FAMILY = "1,2";
			};
			name = Release;
		};
/* End XCBuildConfiguration section */

/* Begin XCConfigurationList section */
		61C35ADE2BA9BCF3002ADA6B /* Build configuration list for PBXProject "ToDoList" */ = {
			isa = XCConfigurationList;
			buildConfigurations = (
				61C35AF52BA9BCF4002ADA6B /* Debug */,
				61C35AF62BA9BCF4002ADA6B /* Release */,
			);
			defaultConfigurationIsVisible = 0;
			defaultConfigurationName = Release;
		};
		61C35AF72BA9BCF4002ADA6B /* Build configuration list for PBXNativeTarget "ToDoList" */ = {
			isa = XCConfigurationList;
			buildConfigurations = (
				61C35AF82BA9BCF4002ADA6B /* Debug */,
				61C35AF92BA9BCF4002ADA6B /* Release */,
			);
			defaultConfigurationIsVisible = 0;
			defaultConfigurationName = Release;
		};
/* End XCConfigurationList section */

/* Begin XCRemoteSwiftPackageReference section */
		61D3F31D2BABAE30008E51F2 /* XCRemoteSwiftPackageReference "firebase-ios-sdk" */ = {
			isa = XCRemoteSwiftPackageReference;
			repositoryURL = "https://github.com/firebase/firebase-ios-sdk";
			requirement = {
				kind = upToNextMajorVersion;
				minimumVersion = 10.23.0;
			};
		};
/* End XCRemoteSwiftPackageReference section */

/* Begin XCSwiftPackageProductDependency section */
		61D3F31F2BABAF72008E51F2 /* FirebaseAuth */ = {
			isa = XCSwiftPackageProductDependency;
			package = 61D3F31D2BABAE30008E51F2 /* XCRemoteSwiftPackageReference "firebase-ios-sdk" */;
			productName = FirebaseAuth;
		};
		61D3F3212BABAF72008E51F2 /* FirebaseDatabase */ = {
			isa = XCSwiftPackageProductDependency;
			package = 61D3F31D2BABAE30008E51F2 /* XCRemoteSwiftPackageReference "firebase-ios-sdk" */;
			productName = FirebaseDatabase;
		};
		61D3F3232BABAF72008E51F2 /* FirebaseFirestore */ = {
			isa = XCSwiftPackageProductDependency;
			package = 61D3F31D2BABAE30008E51F2 /* XCRemoteSwiftPackageReference "firebase-ios-sdk" */;
			productName = FirebaseFirestore;
		};
/* End XCSwiftPackageProductDependency section */
	};
	rootObject = 61C35ADB2BA9BCF3002ADA6B /* Project object */;
}
